{
  "name": "npm",
  "version": "1.0.0",
  "lockfileVersion": 1,
  "requires": true,
  "dependencies": {
    "@selectize/selectize": {
      "version": "0.13.5",
      "resolved": "https://registry.npmjs.org/@selectize/selectize/-/selectize-0.13.5.tgz",
      "integrity": "sha512-2wP1BW03Kv84TQFnSjR+aqDcDb2RNM0YB9+lNp1y6phvWaGllrwk6WCJj3MsiQxhGryMRuavgjcUzZC2K305Rg==",
      "requires": {
        "@selectize/sifter": "^0.6.2",
        "jquery-ui": "^1.13.0",
        "microplugin": "0.0.3"
      }
    },
    "@selectize/sifter": {
      "version": "0.6.2",
      "resolved": "https://registry.npmjs.org/@selectize/sifter/-/sifter-0.6.2.tgz",
      "integrity": "sha512-rpWQuzaCEV2GOEfBmP5NGST3IsA/RGRd3vugOGQVxAaN1xMI9tsrMmx5rC811iInq6OeFH3Jix5EfglYQ3XwKQ==",
      "requires": {
        "async": "^3.2.3",
        "cardinal": "^2.1.1",
        "csv-parse": "^5.0.4",
        "humanize": "^0.0.9",
        "optimist": "^0.5.2"
      }
    },
    "a-color-picker": {
      "version": "1.2.1",
      "resolved": "https://registry.npmjs.org/a-color-picker/-/a-color-picker-1.2.1.tgz",
      "integrity": "sha512-aMCUKd2zTDWK2YWnjz0k3YhFc9XL0jZlPIywF6XkP6i3wdq2iHTEnl1BFPZkOVDV89M12t+zeZ8m23cfzn57/Q==",
      "requires": {
        "is-plain-object": "^2.0.4"
      }
    },
    "ansicolors": {
      "version": "0.3.2",
      "resolved": "https://registry.npmjs.org/ansicolors/-/ansicolors-0.3.2.tgz",
      "integrity": "sha512-QXu7BPrP29VllRxH8GwB7x5iX5qWKAAMLqKQGWTeLWVlNHNOpVMJ91dsxQAIWXpjuW5wqvxu3Jd/nRjrJ+0pqg=="
    },
    "async": {
      "version": "3.2.4",
      "resolved": "https://registry.npmjs.org/async/-/async-3.2.4.tgz",
      "integrity": "sha512-iAB+JbDEGXhyIUavoDl9WP/Jj106Kz9DEn1DPgYw5ruDn0e3Wgi3sKFm55sASdGBNOQB8F59d9qQ7deqrHA8wQ=="
    },
    "cardinal": {
      "version": "2.1.1",
      "resolved": "https://registry.npmjs.org/cardinal/-/cardinal-2.1.1.tgz",
      "integrity": "sha512-JSr5eOgoEymtYHBjNWyjrMqet9Am2miJhlfKNdqLp6zoeAh0KN5dRAcxlecj5mAJrmQomgiOBj35xHLrFjqBpw==",
      "requires": {
        "ansicolors": "~0.3.2",
        "redeyed": "~2.1.0"
      }
    },
    "csv-parse": {
      "version": "5.2.2",
      "resolved": "https://registry.npmjs.org/csv-parse/-/csv-parse-5.2.2.tgz",
      "integrity": "sha512-WCQVGZM5YEj+2+mOuV0ss73GQi/pSlurOGD7qlJJi0sY9DPp2KiX7AInd3W1mjaxnIASlUIHirsTnLX5LoHF4g=="
    },
    "esprima": {
      "version": "4.0.1",
      "resolved": "https://registry.npmjs.org/esprima/-/esprima-4.0.1.tgz",
      "integrity": "sha512-eGuFFw7Upda+g4p+QHvnW0RyTX/SVeJBDM/gCtMARO0cLuT2HcEKnTPvhjV6aGeqrCB/sbNop0Kszm0jsaWU4A=="
    },
    "ev-emitter": {
      "version": "1.1.1",
      "resolved": "https://registry.npmjs.org/ev-emitter/-/ev-emitter-1.1.1.tgz",
      "integrity": "sha512-ipiDYhdQSCZ4hSbX4rMW+XzNKMD1prg/sTvoVmSLkuQ1MVlwjJQQA+sW8tMYR3BLUr9KjodFV4pvzunvRhd33Q=="
    },
    "huebee": {
      "version": "2.1.1",
      "resolved": "https://registry.npmjs.org/huebee/-/huebee-2.1.1.tgz",
      "integrity": "sha512-wdQ/lJproHgJyNrbSqyWOyUmNIYU8EMR1tfdY2Ag5tRoQGtT4CIsHWiXqJBctClKj+sf5uiL6VS83ZGLBxE91w==",
      "requires": {
        "ev-emitter": "^1.1.1",
        "unipointer": "^2.3.0"
      }
    },
    "humanize": {
      "version": "0.0.9",
      "resolved": "https://registry.npmjs.org/humanize/-/humanize-0.0.9.tgz",
      "integrity": "sha512-bvZZ7vXpr1RKoImjuQ45hJb5OvE2oJafHysiD/AL3nkqTZH2hFCjQ3YZfCd63FefDitbJze/ispUPP0gfDsT2Q=="
    },
    "is-plain-object": {
      "version": "2.0.4",
      "resolved": "https://registry.npmjs.org/is-plain-object/-/is-plain-object-2.0.4.tgz",
      "integrity": "sha512-h5PpgXkWitc38BBMYawTYMWJHFZJVnBquFE57xFpjB8pJFiF6gZ+bU+WyI/yqXiFR5mdLsgYNaPe8uao6Uv9Og==",
      "requires": {
        "isobject": "^3.0.1"
      }
    },
    "isobject": {
      "version": "3.0.1",
      "resolved": "https://registry.npmjs.org/isobject/-/isobject-3.0.1.tgz",
      "integrity": "sha512-WhB9zCku7EGTj/HQQRz5aUQEUeoQZH2bWcltRErOpymJ4boYE6wL9Tbr23krRPSZ+C5zqNSrSw+Cc7sZZ4b7vg=="
    },
    "jquery": {
      "version": "3.6.0",
      "resolved": "https://registry.npmjs.org/jquery/-/jquery-3.6.0.tgz",
      "integrity": "sha512-JVzAR/AjBvVt2BmYhxRCSYysDsPcssdmTFnzyLEts9qNwmjmu4JTAMYubEfwVOSwpQ1I1sKKFcxhZCI2buerfw==",
      "optional": true
    },
    "jquery-ui": {
      "version": "1.13.1",
      "resolved": "https://registry.npmjs.org/jquery-ui/-/jquery-ui-1.13.1.tgz",
      "integrity": "sha512-2VlU59N5P4HaumDK1Z3XEVjSvegFbEOQRgpHUBaB2Ak98Axl3hFhJ6RFcNQNuk9SfL6WxIbuLst8dW/U56NSiA==",
      "optional": true,
      "requires": {
        "jquery": ">=1.8.0 <4.0.0"
      }
    },
    "mdbootstrap": {
      "version": "4.20.0",
      "resolved": "https://registry.npmjs.org/mdbootstrap/-/mdbootstrap-4.20.0.tgz",
      "integrity": "sha512-eIxaYsvHct2BKqkJWphh6j7nFQXHh9NjbbN7a+dctfrVsKaydNW5XpKIxmq2tDSb9+XYGm9hK7hMTlHgeV6wdw=="
    },
    "microplugin": {
      "version": "0.0.3",
      "resolved": "https://registry.npmjs.org/microplugin/-/microplugin-0.0.3.tgz",
      "integrity": "sha512-3wKXex4/iyALV0GX2juow66J9dabkEMgHeZAihdLTaRTzm0N+RubXioNPpfIQDPuBRxr3JbjNt7B0Lr/3yE9yQ=="
    },
    "optimist": {
      "version": "0.5.2",
      "resolved": "https://registry.npmjs.org/optimist/-/optimist-0.5.2.tgz",
      "integrity": "sha512-r9M8ZpnM9SXV5Wii7TCqienfcaY3tAiJe9Jchof87icbmbruKgK0xKXngmrnowTDnEawmmI1Qbha59JEoBkBGA==",
      "requires": {
        "wordwrap": "~0.0.2"
      }
    },
    "redeyed": {
      "version": "2.1.1",
      "resolved": "https://registry.npmjs.org/redeyed/-/redeyed-2.1.1.tgz",
      "integrity": "sha512-FNpGGo1DycYAdnrKFxCMmKYgo/mILAqtRYbkdQD8Ep/Hk2PQ5+aEAEx+IU713RTDmuBaH0c8P5ZozurNu5ObRQ==",
      "requires": {
        "esprima": "~4.0.0"
      }
    },
    "unipointer": {
      "version": "2.4.0",
      "resolved": "https://registry.npmjs.org/unipointer/-/unipointer-2.4.0.tgz",
      "integrity": "sha512-VjzDLPjGK7aYpQKH7bnDZS8X4axF5AFU/LQi+NQe1oyEHfaz6lWKhaQ7n4o7vJ1iJ4i2T0quCIfrQM139p05Sw==",
      "requires": {
        "ev-emitter": "^1.0.1"
      }
    },
    "wordwrap": {
      "version": "0.0.3",
      "resolved": "https://registry.npmjs.org/wordwrap/-/wordwrap-0.0.3.tgz",
      "integrity": "sha512-1tMA907+V4QmxV7dbRvb4/8MaRALK6q9Abid3ndMYnbyo8piisCmeONVqVSXqQA3KaP4SLt5b7ud6E2sqP8TFw=="
    }
  }
}
